// !$*UTF8*$!
{
	archiveVersion = 1;
	classes = {
	};
	objectVersion = 77;
	objects = {

/* Begin PBXBuildFile section */
		F2101EBD2CAC5DE0005E7878 /* BarChartDayView.swift in Sources */ = {isa = PBXBuildFile; fileRef = F2101EBC2CAC5DE0005E7878 /* BarChartDayView.swift */; };
		F2101EBF2CAC60F0005E7878 /* BarChartWeekView.swift in Sources */ = {isa = PBXBuildFile; fileRef = F2101EBE2CAC60F0005E7878 /* BarChartWeekView.swift */; };
/* End PBXBuildFile section */

/* Begin PBXContainerItemProxy section */
		F2101E2A2CAB25F5005E7878 /* PBXContainerItemProxy */ = {
			isa = PBXContainerItemProxy;
			containerPortal = F2101E112CAB25F3005E7878 /* Project object */;
			proxyType = 1;
			remoteGlobalIDString = F2101E182CAB25F3005E7878;
			remoteInfo = Assignment3;
		};
		F2101E342CAB25F5005E7878 /* PBXContainerItemProxy */ = {
			isa = PBXContainerItemProxy;
			containerPortal = F2101E112CAB25F3005E7878 /* Project object */;
			proxyType = 1;
			remoteGlobalIDString = F2101E182CAB25F3005E7878;
			remoteInfo = Assignment3;
		};
/* End PBXContainerItemProxy section */

/* Begin PBXFileReference section */
		F2101E192CAB25F3005E7878 /* Assignment3.app */ = {isa = PBXFileReference; explicitFileType = wrapper.application; includeInIndex = 0; path = Assignment3.app; sourceTree = BUILT_PRODUCTS_DIR; };
		F2101E292CAB25F5005E7878 /* Assignment3Tests.xctest */ = {isa = PBXFileReference; explicitFileType = wrapper.cfbundle; includeInIndex = 0; path = Assignment3Tests.xctest; sourceTree = BUILT_PRODUCTS_DIR; };
		F2101E332CAB25F5005E7878 /* Assignment3UITests.xctest */ = {isa = PBXFileReference; explicitFileType = wrapper.cfbundle; includeInIndex = 0; path = Assignment3UITests.xctest; sourceTree = BUILT_PRODUCTS_DIR; };
		F2101EBC2CAC5DE0005E7878 /* BarChartDayView.swift */ = {isa = PBXFileReference; lastKnownFileType = sourcecode.swift; path = BarChartDayView.swift; sourceTree = "<group>"; };
		F2101EBE2CAC60F0005E7878 /* BarChartWeekView.swift */ = {isa = PBXFileReference; lastKnownFileType = sourcecode.swift; path = BarChartWeekView.swift; sourceTree = "<group>"; };
/* End PBXFileReference section */

/* Begin PBXFileSystemSynchronizedBuildFileExceptionSet section */
		F2101E7A2CAB4233005E7878 /* Exceptions for "Assignment3" folder in "Assignment3" target */ = {
			isa = PBXFileSystemSynchronizedBuildFileExceptionSet;
			membershipExceptions = (
				Info.plist,
			);
			target = F2101E182CAB25F3005E7878 /* Assignment3 */;
		};
/* End PBXFileSystemSynchronizedBuildFileExceptionSet section */

/* Begin PBXFileSystemSynchronizedRootGroup section */
		F2101E1B2CAB25F3005E7878 /* Assignment3 */ = {
			isa = PBXFileSystemSynchronizedRootGroup;
			exceptions = (
				F2101E7A2CAB4233005E7878 /* Exceptions for "Assignment3" folder in "Assignment3" target */,
			);
			path = Assignment3;
			sourceTree = "<group>";
		};
		F2101E2C2CAB25F5005E7878 /* Assignment3Tests */ = {
			isa = PBXFileSystemSynchronizedRootGroup;
			path = Assignment3Tests;
			sourceTree = "<group>";
		};
		F2101E362CAB25F5005E7878 /* Assignment3UITests */ = {
			isa = PBXFileSystemSynchronizedRootGroup;
			path = Assignment3UITests;
			sourceTree = "<group>";
		};
		F2101E5C2CAB28A9005E7878 /* Videos */ = {
			isa = PBXFileSystemSynchronizedRootGroup;
			path = Videos;
			sourceTree = "<group>";
		};
		F2101E652CAB2954005E7878 /* Model */ = {
			isa = PBXFileSystemSynchronizedRootGroup;
			path = Model;
			sourceTree = "<group>";
		};
		F2101E6E2CAB29F0005E7878 /* Views */ = {
			isa = PBXFileSystemSynchronizedRootGroup;
			path = Views;
			sourceTree = "<group>";
		};
/* End PBXFileSystemSynchronizedRootGroup section */

/* Begin PBXFrameworksBuildPhase section */
		F2101E162CAB25F3005E7878 /* Frameworks */ = {
			isa = PBXFrameworksBuildPhase;
			buildActionMask = 2147483647;
			files = (
			);
			runOnlyForDeploymentPostprocessing = 0;
		};
		F2101E262CAB25F5005E7878 /* Frameworks */ = {
			isa = PBXFrameworksBuildPhase;
			buildActionMask = 2147483647;
			files = (
			);
			runOnlyForDeploymentPostprocessing = 0;
		};
		F2101E302CAB25F5005E7878 /* Frameworks */ = {
			isa = PBXFrameworksBuildPhase;
			buildActionMask = 2147483647;
			files = (
			);
			runOnlyForDeploymentPostprocessing = 0;
		};
/* End PBXFrameworksBuildPhase section */

/* Begin PBXGroup section */
		F2101E102CAB25F3005E7878 = {
			isa = PBXGroup;
			children = (
				F2101EBE2CAC60F0005E7878 /* BarChartWeekView.swift */,
				F2101EBC2CAC5DE0005E7878 /* BarChartDayView.swift */,
				F2101E6E2CAB29F0005E7878 /* Views */,
				F2101E652CAB2954005E7878 /* Model */,
				F2101E5C2CAB28A9005E7878 /* Videos */,
				F2101E1B2CAB25F3005E7878 /* Assignment3 */,
				F2101E2C2CAB25F5005E7878 /* Assignment3Tests */,
				F2101E362CAB25F5005E7878 /* Assignment3UITests */,
				F2101E1A2CAB25F3005E7878 /* Products */,
			);
			sourceTree = "<group>";
		};
		F2101E1A2CAB25F3005E7878 /* Products */ = {
			isa = PBXGroup;
			children = (
				F2101E192CAB25F3005E7878 /* Assignment3.app */,
				F2101E292CAB25F5005E7878 /* Assignment3Tests.xctest */,
				F2101E332CAB25F5005E7878 /* Assignment3UITests.xctest */,
			);
			name = Products;
			sourceTree = "<group>";
		};
/* End PBXGroup section */

/* Begin PBXNativeTarget section */
		F2101E182CAB25F3005E7878 /* Assignment3 */ = {
			isa = PBXNativeTarget;
			buildConfigurationList = F2101E3D2CAB25F5005E7878 /* Build configuration list for PBXNativeTarget "Assignment3" */;
			buildPhases = (
				F2101E152CAB25F3005E7878 /* Sources */,
				F2101E162CAB25F3005E7878 /* Frameworks */,
				F2101E172CAB25F3005E7878 /* Resources */,
			);
			buildRules = (
			);
			dependencies = (
			);
			fileSystemSynchronizedGroups = (
				F2101E1B2CAB25F3005E7878 /* Assignment3 */,
				F2101E5C2CAB28A9005E7878 /* Videos */,
				F2101E652CAB2954005E7878 /* Model */,
				F2101E6E2CAB29F0005E7878 /* Views */,
			);
			name = Assignment3;
			packageProductDependencies = (
			);
			productName = Assignment3;
			productReference = F2101E192CAB25F3005E7878 /* Assignment3.app */;
			productType = "com.apple.product-type.application";
		};
		F2101E282CAB25F5005E7878 /* Assignment3Tests */ = {
			isa = PBXNativeTarget;
			buildConfigurationList = F2101E402CAB25F5005E7878 /* Build configuration list for PBXNativeTarget "Assignment3Tests" */;
			buildPhases = (
				F2101E252CAB25F5005E7878 /* Sources */,
				F2101E262CAB25F5005E7878 /* Frameworks */,
				F2101E272CAB25F5005E7878 /* Resources */,
			);
			buildRules = (
			);
			dependencies = (
				F2101E2B2CAB25F5005E7878 /* PBXTargetDependency */,
			);
			fileSystemSynchronizedGroups = (
				F2101E2C2CAB25F5005E7878 /* Assignment3Tests */,
			);
			name = Assignment3Tests;
			packageProductDependencies = (
			);
			productName = Assignment3Tests;
			productReference = F2101E292CAB25F5005E7878 /* Assignment3Tests.xctest */;
			productType = "com.apple.product-type.bundle.unit-test";
		};
		F2101E322CAB25F5005E7878 /* Assignment3UITests */ = {
			isa = PBXNativeTarget;
			buildConfigurationList = F2101E432CAB25F5005E7878 /* Build configuration list for PBXNativeTarget "Assignment3UITests" */;
			buildPhases = (
				F2101E2F2CAB25F5005E7878 /* Sources */,
				F2101E302CAB25F5005E7878 /* Frameworks */,
				F2101E312CAB25F5005E7878 /* Resources */,
			);
			buildRules = (
			);
			dependencies = (
				F2101E352CAB25F5005E7878 /* PBXTargetDependency */,
			);
			fileSystemSynchronizedGroups = (
				F2101E362CAB25F5005E7878 /* Assignment3UITests */,
			);
			name = Assignment3UITests;
			packageProductDependencies = (
			);
			productName = Assignment3UITests;
			productReference = F2101E332CAB25F5005E7878 /* Assignment3UITests.xctest */;
			productType = "com.apple.product-type.bundle.ui-testing";
		};
/* End PBXNativeTarget section */

/* Begin PBXProject section */
		F2101E112CAB25F3005E7878 /* Project object */ = {
			isa = PBXProject;
			attributes = {
				BuildIndependentTargetsInParallel = 1;
				LastSwiftUpdateCheck = 1600;
				LastUpgradeCheck = 1600;
				TargetAttributes = {
					F2101E182CAB25F3005E7878 = {
						CreatedOnToolsVersion = 16.0;
					};
					F2101E282CAB25F5005E7878 = {
						CreatedOnToolsVersion = 16.0;
						TestTargetID = F2101E182CAB25F3005E7878;
					};
					F2101E322CAB25F5005E7878 = {
						CreatedOnToolsVersion = 16.0;
						TestTargetID = F2101E182CAB25F3005E7878;
					};
				};
			};
			buildConfigurationList = F2101E142CAB25F3005E7878 /* Build configuration list for PBXProject "Assignment3" */;
			developmentRegion = en;
			hasScannedForEncodings = 0;
			knownRegions = (
				en,
				Base,
			);
			mainGroup = F2101E102CAB25F3005E7878;
			minimizedProjectReferenceProxies = 1;
			preferredProjectObjectVersion = 77;
			productRefGroup = F2101E1A2CAB25F3005E7878 /* Products */;
			projectDirPath = "";
			projectRoot = "";
			targets = (
				F2101E182CAB25F3005E7878 /* Assignment3 */,
				F2101E282CAB25F5005E7878 /* Assignment3Tests */,
				F2101E322CAB25F5005E7878 /* Assignment3UITests */,
			);
		};
/* End PBXProject section */

/* Begin PBXResourcesBuildPhase section */
		F2101E172CAB25F3005E7878 /* Resources */ = {
			isa = PBXResourcesBuildPhase;
			buildActionMask = 2147483647;
			files = (
			);
			runOnlyForDeploymentPostprocessing = 0;
		};
		F2101E272CAB25F5005E7878 /* Resources */ = {
			isa = PBXResourcesBuildPhase;
			buildActionMask = 2147483647;
			files = (
			);
			runOnlyForDeploymentPostprocessing = 0;
		};
		F2101E312CAB25F5005E7878 /* Resources */ = {
			isa = PBXResourcesBuildPhase;
			buildActionMask = 2147483647;
			files = (
			);
			runOnlyForDeploymentPostprocessing = 0;
		};
/* End PBXResourcesBuildPhase section */

/* Begin PBXSourcesBuildPhase section */
		F2101E152CAB25F3005E7878 /* Sources */ = {
			isa = PBXSourcesBuildPhase;
			buildActionMask = 2147483647;
			files = (
				F2101EBD2CAC5DE0005E7878 /* BarChartDayView.swift in Sources */,
				F2101EBF2CAC60F0005E7878 /* BarChartWeekView.swift in Sources */,
			);
			runOnlyForDeploymentPostprocessing = 0;
		};
		F2101E252CAB25F5005E7878 /* Sources */ = {
			isa = PBXSourcesBuildPhase;
			buildActionMask = 2147483647;
			files = (
			);
			runOnlyForDeploymentPostprocessing = 0;
		};
		F2101E2F2CAB25F5005E7878 /* Sources */ = {
			isa = PBXSourcesBuildPhase;
			buildActionMask = 2147483647;
			files = (
			);
			runOnlyForDeploymentPostprocessing = 0;
		};
/* End PBXSourcesBuildPhase section */

/* Begin PBXTargetDependency section */
		F2101E2B2CAB25F5005E7878 /* PBXTargetDependency */ = {
			isa = PBXTargetDependency;
			target = F2101E182CAB25F3005E7878 /* Assignment3 */;
			targetProxy = F2101E2A2CAB25F5005E7878 /* PBXContainerItemProxy */;
		};
		F2101E352CAB25F5005E7878 /* PBXTargetDependency */ = {
			isa = PBXTargetDependency;
			target = F2101E182CAB25F3005E7878 /* Assignment3 */;
			targetProxy = F2101E342CAB25F5005E7878 /* PBXContainerItemProxy */;
		};
/* End PBXTargetDependency section */

/* Begin XCBuildConfiguration section */
		F2101E3B2CAB25F5005E7878 /* Debug */ = {
			isa = XCBuildConfiguration;
			buildSettings = {
				ALWAYS_SEARCH_USER_PATHS = NO;
				ASSETCATALOG_COMPILER_GENERATE_SWIFT_ASSET_SYMBOL_EXTENSIONS = YES;
				CLANG_ANALYZER_NONNULL = YES;
				CLANG_ANALYZER_NUMBER_OBJECT_CONVERSION = YES_AGGRESSIVE;
				CLANG_CXX_LANGUAGE_STANDARD = "gnu++20";
				CLANG_ENABLE_MODULES = YES;
				CLANG_ENABLE_OBJC_ARC = YES;
				CLANG_ENABLE_OBJC_WEAK = YES;
				CLANG_WARN_BLOCK_CAPTURE_AUTORELEASING = YES;
				CLANG_WARN_BOOL_CONVERSION = YES;
				CLANG_WARN_COMMA = YES;
				CLANG_WARN_CONSTANT_CONVERSION = YES;
				CLANG_WARN_DEPRECATED_OBJC_IMPLEMENTATIONS = YES;
				CLANG_WARN_DIRECT_OBJC_ISA_USAGE = YES_ERROR;
				CLANG_WARN_DOCUMENTATION_COMMENTS = YES;
				CLANG_WARN_EMPTY_BODY = YES;
				CLANG_WARN_ENUM_CONVERSION = YES;
				CLANG_WARN_INFINITE_RECURSION = YES;
				CLANG_WARN_INT_CONVERSION = YES;
				CLANG_WARN_NON_LITERAL_NULL_CONVERSION = YES;
				CLANG_WARN_OBJC_IMPLICIT_RETAIN_SELF = YES;
				CLANG_WARN_OBJC_LITERAL_CONVERSION = YES;
				CLANG_WARN_OBJC_ROOT_CLASS = YES_ERROR;
				CLANG_WARN_QUOTED_INCLUDE_IN_FRAMEWORK_HEADER = YES;
				CLANG_WARN_RANGE_LOOP_ANALYSIS = YES;
				CLANG_WARN_STRICT_PROTOTYPES = YES;
				CLANG_WARN_SUSPICIOUS_MOVE = YES;
				CLANG_WARN_UNGUARDED_AVAILABILITY = YES_AGGRESSIVE;
				CLANG_WARN_UNREACHABLE_CODE = YES;
				CLANG_WARN__DUPLICATE_METHOD_MATCH = YES;
				COPY_PHASE_STRIP = NO;
				DEBUG_INFORMATION_FORMAT = dwarf;
				ENABLE_STRICT_OBJC_MSGSEND = YES;
				ENABLE_TESTABILITY = YES;
				ENABLE_USER_SCRIPT_SANDBOXING = YES;
				GCC_C_LANGUAGE_STANDARD = gnu17;
				GCC_DYNAMIC_NO_PIC = NO;
				GCC_NO_COMMON_BLOCKS = YES;
				GCC_OPTIMIZATION_LEVEL = 0;
				GCC_PREPROCESSOR_DEFINITIONS = (
					"DEBUG=1",
					"$(inherited)",
				);
				GCC_WARN_64_TO_32_BIT_CONVERSION = YES;
				GCC_WARN_ABOUT_RETURN_TYPE = YES_ERROR;
				GCC_WARN_UNDECLARED_SELECTOR = YES;
				GCC_WARN_UNINITIALIZED_AUTOS = YES_AGGRESSIVE;
				GCC_WARN_UNUSED_FUNCTION = YES;
				GCC_WARN_UNUSED_VARIABLE = YES;
				IPHONEOS_DEPLOYMENT_TARGET = 18.0;
				LOCALIZATION_PREFERS_STRING_CATALOGS = YES;
				MTL_ENABLE_DEBUG_INFO = INCLUDE_SOURCE;
				MTL_FAST_MATH = YES;
				ONLY_ACTIVE_ARCH = YES;
				SDKROOT = iphoneos;
				SWIFT_ACTIVE_COMPILATION_CONDITIONS = "DEBUG $(inherited)";
				SWIFT_OPTIMIZATION_LEVEL = "-Onone";
			};
			name = Debug;
		};
		F2101E3C2CAB25F5005E7878 /* Release */ = {
			isa = XCBuildConfiguration;
			buildSettings = {
				ALWAYS_SEARCH_USER_PATHS = NO;
				ASSETCATALOG_COMPILER_GENERATE_SWIFT_ASSET_SYMBOL_EXTENSIONS = YES;
				CLANG_ANALYZER_NONNULL = YES;
				CLANG_ANALYZER_NUMBER_OBJECT_CONVERSION = YES_AGGRESSIVE;
				CLANG_CXX_LANGUAGE_STANDARD = "gnu++20";
				CLANG_ENABLE_MODULES = YES;
				CLANG_ENABLE_OBJC_ARC = YES;
				CLANG_ENABLE_OBJC_WEAK = YES;
				CLANG_WARN_BLOCK_CAPTURE_AUTORELEASING = YES;
				CLANG_WARN_BOOL_CONVERSION = YES;
				CLANG_WARN_COMMA = YES;
				CLANG_WARN_CONSTANT_CONVERSION = YES;
				CLANG_WARN_DEPRECATED_OBJC_IMPLEMENTATIONS = YES;
				CLANG_WARN_DIRECT_OBJC_ISA_USAGE = YES_ERROR;
				CLANG_WARN_DOCUMENTATION_COMMENTS = YES;
				CLANG_WARN_EMPTY_BODY = YES;
				CLANG_WARN_ENUM_CONVERSION = YES;
				CLANG_WARN_INFINITE_RECURSION = YES;
				CLANG_WARN_INT_CONVERSION = YES;
				CLANG_WARN_NON_LITERAL_NULL_CONVERSION = YES;
				CLANG_WARN_OBJC_IMPLICIT_RETAIN_SELF = YES;
				CLANG_WARN_OBJC_LITERAL_CONVERSION = YES;
				CLANG_WARN_OBJC_ROOT_CLASS = YES_ERROR;
				CLANG_WARN_QUOTED_INCLUDE_IN_FRAMEWORK_HEADER = YES;
				CLANG_WARN_RANGE_LOOP_ANALYSIS = YES;
				CLANG_WARN_STRICT_PROTOTYPES = YES;
				CLANG_WARN_SUSPICIOUS_MOVE = YES;
				CLANG_WARN_UNGUARDED_AVAILABILITY = YES_AGGRESSIVE;
				CLANG_WARN_UNREACHABLE_CODE = YES;
				CLANG_WARN__DUPLICATE_METHOD_MATCH = YES;
				COPY_PHASE_STRIP = NO;
				DEBUG_INFORMATION_FORMAT = "dwarf-with-dsym";
				ENABLE_NS_ASSERTIONS = NO;
				ENABLE_STRICT_OBJC_MSGSEND = YES;
				ENABLE_USER_SCRIPT_SANDBOXING = YES;
				GCC_C_LANGUAGE_STANDARD = gnu17;
				GCC_NO_COMMON_BLOCKS = YES;
				GCC_WARN_64_TO_32_BIT_CONVERSION = YES;
				GCC_WARN_ABOUT_RETURN_TYPE = YES_ERROR;
				GCC_WARN_UNDECLARED_SELECTOR = YES;
				GCC_WARN_UNINITIALIZED_AUTOS = YES_AGGRESSIVE;
				GCC_WARN_UNUSED_FUNCTION = YES;
				GCC_WARN_UNUSED_VARIABLE = YES;
				IPHONEOS_DEPLOYMENT_TARGET = 18.0;
				LOCALIZATION_PREFERS_STRING_CATALOGS = YES;
				MTL_ENABLE_DEBUG_INFO = NO;
				MTL_FAST_MATH = YES;
				SDKROOT = iphoneos;
				SWIFT_COMPILATION_MODE = wholemodule;
				VALIDATE_PRODUCT = YES;
			};
			name = Release;
		};
		F2101E3E2CAB25F5005E7878 /* Debug */ = {
			isa = XCBuildConfiguration;
			buildSettings = {
				ASSETCATALOG_COMPILER_APPICON_NAME = AppIcon;
				ASSETCATALOG_COMPILER_GLOBAL_ACCENT_COLOR_NAME = AccentColor;
				CODE_SIGN_STYLE = Automatic;
				CURRENT_PROJECT_VERSION = 1;
				DEVELOPMENT_ASSET_PATHS = "\"Assignment3/Preview Content\"";
				ENABLE_PREVIEWS = YES;
				GENERATE_INFOPLIST_FILE = YES;
				INFOPLIST_FILE = Assignment3/Info.plist;
				INFOPLIST_KEY_UIApplicationSceneManifest_Generation = YES;
				INFOPLIST_KEY_UIApplicationSupportsIndirectInputEvents = YES;
				INFOPLIST_KEY_UILaunchScreen_Generation = YES;
				INFOPLIST_KEY_UISupportedInterfaceOrientations_iPad = "UIInterfaceOrientationPortrait UIInterfaceOrientationPortraitUpsideDown UIInterfaceOrientationLandscapeLeft UIInterfaceOrientationLandscapeRight";
				INFOPLIST_KEY_UISupportedInterfaceOrientations_iPhone = "UIInterfaceOrientationPortrait UIInterfaceOrientationLandscapeLeft UIInterfaceOrientationLandscapeRight";
				LD_RUNPATH_SEARCH_PATHS = (
					"$(inherited)",
					"@executable_path/Frameworks",
				);
				MARKETING_VERSION = 1.0;
				PRODUCT_BUNDLE_IDENTIFIER = "Kaitlyn-Bracey.Assignment3";
				PRODUCT_NAME = "$(TARGET_NAME)";
				SWIFT_EMIT_LOC_STRINGS = YES;
				SWIFT_VERSION = 5.0;
				TARGETED_DEVICE_FAMILY = "1,2";
			};
			name = Debug;
		};
		F2101E3F2CAB25F5005E7878 /* Release */ = {
			isa = XCBuildConfiguration;
			buildSettings = {
				ASSETCATALOG_COMPILER_APPICON_NAME = AppIcon;
				ASSETCATALOG_COMPILER_GLOBAL_ACCENT_COLOR_NAME = AccentColor;
				CODE_SIGN_STYLE = Automatic;
				CURRENT_PROJECT_VERSION = 1;
				DEVELOPMENT_ASSET_PATHS = "\"Assignment3/Preview Content\"";
				ENABLE_PREVIEWS = YES;
				GENERATE_INFOPLIST_FILE = YES;
				INFOPLIST_FILE = Assignment3/Info.plist;
				INFOPLIST_KEY_UIApplicationSceneManifest_Generation = YES;
				INFOPLIST_KEY_UIApplicationSupportsIndirectInputEvents = YES;
				INFOPLIST_KEY_UILaunchScreen_Generation = YES;
				INFOPLIST_KEY_UISupportedInterfaceOrientations_iPad = "UIInterfaceOrientationPortrait UIInterfaceOrientationPortraitUpsideDown UIInterfaceOrientationLandscapeLeft UIInterfaceOrientationLandscapeRight";
				INFOPLIST_KEY_UISupportedInterfaceOrientations_iPhone = "UIInterfaceOrientationPortrait UIInterfaceOrientationLandscapeLeft UIInterfaceOrientationLandscapeRight";
				LD_RUNPATH_SEARCH_PATHS = (
					"$(inherited)",
					"@executable_path/Frameworks",
				);
				MARKETING_VERSION = 1.0;
				PRODUCT_BUNDLE_IDENTIFIER = "Kaitlyn-Bracey.Assignment3";
				PRODUCT_NAME = "$(TARGET_NAME)";
				SWIFT_EMIT_LOC_STRINGS = YES;
				SWIFT_VERSION = 5.0;
				TARGETED_DEVICE_FAMILY = "1,2";
			};
			name = Release;
		};
		F2101E412CAB25F5005E7878 /* Debug */ = {
			isa = XCBuildConfiguration;
			buildSettings = {
				BUNDLE_LOADER = "$(TEST_HOST)";
				CODE_SIGN_STYLE = Automatic;
				CURRENT_PROJECT_VERSION = 1;
				GENERATE_INFOPLIST_FILE = YES;
				IPHONEOS_DEPLOYMENT_TARGET = 18.0;
				MARKETING_VERSION = 1.0;
				PRODUCT_BUNDLE_IDENTIFIER = "Kaitlyn-Bracey.Assignment3Tests";
				PRODUCT_NAME = "$(TARGET_NAME)";
				SWIFT_EMIT_LOC_STRINGS = NO;
				SWIFT_VERSION = 5.0;
				TARGETED_DEVICE_FAMILY = "1,2";
				TEST_HOST = "$(BUILT_PRODUCTS_DIR)/Assignment3.app/$(BUNDLE_EXECUTABLE_FOLDER_PATH)/Assignment3";
			};
			name = Debug;
		};
		F2101E422CAB25F5005E7878 /* Release */ = {
			isa = XCBuildConfiguration;
			buildSettings = {
				BUNDLE_LOADER = "$(TEST_HOST)";
				CODE_SIGN_STYLE = Automatic;
				CURRENT_PROJECT_VERSION = 1;
				GENERATE_INFOPLIST_FILE = YES;
				IPHONEOS_DEPLOYMENT_TARGET = 18.0;
				MARKETING_VERSION = 1.0;
				PRODUCT_BUNDLE_IDENTIFIER = "Kaitlyn-Bracey.Assignment3Tests";
				PRODUCT_NAME = "$(TARGET_NAME)";
				SWIFT_EMIT_LOC_STRINGS = NO;
				SWIFT_VERSION = 5.0;
				TARGETED_DEVICE_FAMILY = "1,2";
				TEST_HOST = "$(BUILT_PRODUCTS_DIR)/Assignment3.app/$(BUNDLE_EXECUTABLE_FOLDER_PATH)/Assignment3";
			};
			name = Release;
		};
		F2101E442CAB25F5005E7878 /* Debug */ = {
			isa = XCBuildConfiguration;
			buildSettings = {
				CODE_SIGN_STYLE = Automatic;
				CURRENT_PROJECT_VERSION = 1;
				GENERATE_INFOPLIST_FILE = YES;
				MARKETING_VERSION = 1.0;
				PRODUCT_BUNDLE_IDENTIFIER = "Kaitlyn-Bracey.Assignment3UITests";
				PRODUCT_NAME = "$(TARGET_NAME)";
				SWIFT_EMIT_LOC_STRINGS = NO;
				SWIFT_VERSION = 5.0;
				TARGETED_DEVICE_FAMILY = "1,2";
				TEST_TARGET_NAME = Assignment3;
			};
			name = Debug;
		};
		F2101E452CAB25F5005E7878 /* Release */ = {
			isa = XCBuildConfiguration;
			buildSettings = {
				CODE_SIGN_STYLE = Automatic;
				CURRENT_PROJECT_VERSION = 1;
				GENERATE_INFOPLIST_FILE = YES;
				MARKETING_VERSION = 1.0;
				PRODUCT_BUNDLE_IDENTIFIER = "Kaitlyn-Bracey.Assignment3UITests";
				PRODUCT_NAME = "$(TARGET_NAME)";
				SWIFT_EMIT_LOC_STRINGS = NO;
				SWIFT_VERSION = 5.0;
				TARGETED_DEVICE_FAMILY = "1,2";
				TEST_TARGET_NAME = Assignment3;
			};
			name = Release;
		};
/* End XCBuildConfiguration section */

/* Begin XCConfigurationList section */
		F2101E142CAB25F3005E7878 /* Build configuration list for PBXProject "Assignment3" */ = {
			isa = XCConfigurationList;
			buildConfigurations = (
				F2101E3B2CAB25F5005E7878 /* Debug */,
				F2101E3C2CAB25F5005E7878 /* Release */,
			);
			defaultConfigurationIsVisible = 0;
			defaultConfigurationName = Release;
		};
		F2101E3D2CAB25F5005E7878 /* Build configuration list for PBXNativeTarget "Assignment3" */ = {
			isa = XCConfigurationList;
			buildConfigurations = (
				F2101E3E2CAB25F5005E7878 /* Debug */,
				F2101E3F2CAB25F5005E7878 /* Release */,
			);
			defaultConfigurationIsVisible = 0;
			defaultConfigurationName = Release;
		};
		F2101E402CAB25F5005E7878 /* Build configuration list for PBXNativeTarget "Assignment3Tests" */ = {
			isa = XCConfigurationList;
			buildConfigurations = (
				F2101E412CAB25F5005E7878 /* Debug */,
				F2101E422CAB25F5005E7878 /* Release */,
			);
			defaultConfigurationIsVisible = 0;
			defaultConfigurationName = Release;
		};
		F2101E432CAB25F5005E7878 /* Build configuration list for PBXNativeTarget "Assignment3UITests" */ = {
			isa = XCConfigurationList;
			buildConfigurations = (
				F2101E442CAB25F5005E7878 /* Debug */,
				F2101E452CAB25F5005E7878 /* Release */,
			);
			defaultConfigurationIsVisible = 0;
			defaultConfigurationName = Release;
		};
/* End XCConfigurationList section */
	};
	rootObject = F2101E112CAB25F3005E7878 /* Project object */;
}
